// !$*UTF8*$!
{
	archiveVersion = 1;
	classes = {
	};
	objectVersion = 50;
	objects = {

/* Begin PBXBuildFile section */
		717C6F5720CE777000BD40EF /* AppDelegate.swift in Sources */ = {isa = PBXBuildFile; fileRef = 717C6F5620CE777000BD40EF /* AppDelegate.swift */; };
		717C6F5920CE777000BD40EF /* ViewController.swift in Sources */ = {isa = PBXBuildFile; fileRef = 717C6F5820CE777000BD40EF /* ViewController.swift */; };
		717C6F5C20CE777000BD40EF /* Main.storyboard in Resources */ = {isa = PBXBuildFile; fileRef = 717C6F5A20CE777000BD40EF /* Main.storyboard */; };
		717C6F5E20CE777200BD40EF /* Assets.xcassets in Resources */ = {isa = PBXBuildFile; fileRef = 717C6F5D20CE777200BD40EF /* Assets.xcassets */; };
		717C6F6120CE777200BD40EF /* LaunchScreen.storyboard in Resources */ = {isa = PBXBuildFile; fileRef = 717C6F5F20CE777200BD40EF /* LaunchScreen.storyboard */; };
/* End PBXBuildFile section */

/* Begin PBXFileReference section */
		717C6F5320CE777000BD40EF /* Image Recognizer.app */ = {isa = PBXFileReference; explicitFileType = wrapper.application; includeInIndex = 0; path = "Image Recognizer.app"; sourceTree = BUILT_PRODUCTS_DIR; };
		717C6F5620CE777000BD40EF /* AppDelegate.swift */ = {isa = PBXFileReference; lastKnownFileType = sourcecode.swift; path = AppDelegate.swift; sourceTree = "<group>"; };
		717C6F5820CE777000BD40EF /* ViewController.swift */ = {isa = PBXFileReference; lastKnownFileType = sourcecode.swift; path = ViewController.swift; sourceTree = "<group>"; };
		717C6F5B20CE777000BD40EF /* Base */ = {isa = PBXFileReference; lastKnownFileType = file.storyboard; name = Base; path = Base.lproj/Main.storyboard; sourceTree = "<group>"; };
		717C6F5D20CE777200BD40EF /* Assets.xcassets */ = {isa = PBXFileReference; lastKnownFileType = folder.assetcatalog; path = Assets.xcassets; sourceTree = "<group>"; };
		717C6F6020CE777200BD40EF /* Base */ = {isa = PBXFileReference; lastKnownFileType = file.storyboard; name = Base; path = Base.lproj/LaunchScreen.storyboard; sourceTree = "<group>"; };
		717C6F6220CE777200BD40EF /* Info.plist */ = {isa = PBXFileReference; lastKnownFileType = text.plist.xml; path = Info.plist; sourceTree = "<group>"; };
/* End PBXFileReference section */

/* Begin PBXFrameworksBuildPhase section */
		717C6F5020CE777000BD40EF /* Frameworks */ = {
			isa = PBXFrameworksBuildPhase;
			buildActionMask = 2147483647;
			files = (
			);
			runOnlyForDeploymentPostprocessing = 0;
		};
/* End PBXFrameworksBuildPhase section */

/* Begin PBXGroup section */
		717C6F4A20CE777000BD40EF = {
			isa = PBXGroup;
			children = (
				717C6F5520CE777000BD40EF /* Image Recognizer */,
				717C6F5420CE777000BD40EF /* Products */,
			);
			sourceTree = "<group>";
		};
		717C6F5420CE777000BD40EF /* Products */ = {
			isa = PBXGroup;
			children = (
				717C6F5320CE777000BD40EF /* Image Recognizer.app */,
			);
			name = Products;
			sourceTree = "<group>";
		};
		717C6F5520CE777000BD40EF /* Image Recognizer */ = {
			isa = PBXGroup;
			children = (
				717C6F6B20CE77AF00BD40EF /* Supporting Files */,
				717C6F6A20CE779900BD40EF /* View */,
				717C6F6920CE779200BD40EF /* Controller */,
				717C6F6820CE777C00BD40EF /* Model */,
				717C6F5620CE777000BD40EF /* AppDelegate.swift */,
				717C6F6220CE777200BD40EF /* Info.plist */,
			);
			path = "Image Recognizer";
			sourceTree = "<group>";
		};
		717C6F6820CE777C00BD40EF /* Model */ = {
			isa = PBXGroup;
			children = (
			);
			path = Model;
			sourceTree = "<group>";
		};
		717C6F6920CE779200BD40EF /* Controller */ = {
			isa = PBXGroup;
			children = (
				717C6F5820CE777000BD40EF /* ViewController.swift */,
			);
			path = Controller;
			sourceTree = "<group>";
		};
		717C6F6A20CE779900BD40EF /* View */ = {
			isa = PBXGroup;
			children = (
				717C6F5A20CE777000BD40EF /* Main.storyboard */,
			);
			path = View;
			sourceTree = "<group>";
		};
		717C6F6B20CE77AF00BD40EF /* Supporting Files */ = {
			isa = PBXGroup;
			children = (
				717C6F5F20CE777200BD40EF /* LaunchScreen.storyboard */,
				717C6F5D20CE777200BD40EF /* Assets.xcassets */,
			);
			path = "Supporting Files";
			sourceTree = "<group>";
		};
/* End PBXGroup section */

/* Begin PBXNativeTarget section */
		717C6F5220CE777000BD40EF /* Image Recognizer */ = {
			isa = PBXNativeTarget;
			buildConfigurationList = 717C6F6520CE777200BD40EF /* Build configuration list for PBXNativeTarget "Image Recognizer" */;
			buildPhases = (
				717C6F4F20CE777000BD40EF /* Sources */,
				717C6F5020CE777000BD40EF /* Frameworks */,
				717C6F5120CE777000BD40EF /* Resources */,
			);
			buildRules = (
			);
			dependencies = (
			);
			name = "Image Recognizer";
			productName = "Image Recognizer";
			productReference = 717C6F5320CE777000BD40EF /* Image Recognizer.app */;
			productType = "com.apple.product-type.application";
		};
/* End PBXNativeTarget section */

/* Begin PBXProject section */
		717C6F4B20CE777000BD40EF /* Project object */ = {
			isa = PBXProject;
			attributes = {
				LastSwiftUpdateCheck = 0930;
				LastUpgradeCheck = 0930;
				ORGANIZATIONNAME = hrajkarnikar;
				TargetAttributes = {
					717C6F5220CE777000BD40EF = {
						CreatedOnToolsVersion = 9.3.1;
					};
				};
			};
			buildConfigurationList = 717C6F4E20CE777000BD40EF /* Build configuration list for PBXProject "Image Recognizer" */;
			compatibilityVersion = "Xcode 9.3";
			developmentRegion = en;
			hasScannedForEncodings = 0;
			knownRegions = (
				en,
				Base,
			);
			mainGroup = 717C6F4A20CE777000BD40EF;
			productRefGroup = 717C6F5420CE777000BD40EF /* Products */;
			projectDirPath = "";
			projectRoot = "";
			targets = (
				717C6F5220CE777000BD40EF /* Image Recognizer */,
			);
		};
/* End PBXProject section */

/* Begin PBXResourcesBuildPhase section */
		717C6F5120CE777000BD40EF /* Resources */ = {
			isa = PBXResourcesBuildPhase;
			buildActionMask = 2147483647;
			files = (
				717C6F6120CE777200BD40EF /* LaunchScreen.storyboard in Resources */,
				717C6F5E20CE777200BD40EF /* Assets.xcassets in Resources */,
				717C6F5C20CE777000BD40EF /* Main.storyboard in Resources */,
			);
			runOnlyForDeploymentPostprocessing = 0;
		};
/* End PBXResourcesBuildPhase section */

/* Begin PBXSourcesBuildPhase section */
		717C6F4F20CE777000BD40EF /* Sources */ = {
			isa = PBXSourcesBuildPhase;
			buildActionMask = 2147483647;
			files = (
				717C6F5920CE777000BD40EF /* ViewController.swift in Sources */,
				717C6F5720CE777000BD40EF /* AppDelegate.swift in Sources */,
			);
			runOnlyForDeploymentPostprocessing = 0;
		};
/* End PBXSourcesBuildPhase section */

/* Begin PBXVariantGroup section */
		717C6F5A20CE777000BD40EF /* Main.storyboard */ = {
			isa = PBXVariantGroup;
			children = (
				717C6F5B20CE777000BD40EF /* Base */,
			);
			name = Main.storyboard;
			sourceTree = "<group>";
		};
		717C6F5F20CE777200BD40EF /* LaunchScreen.storyboard */ = {
			isa = PBXVariantGroup;
			children = (
				717C6F6020CE777200BD40EF /* Base */,
			);
			name = LaunchScreen.storyboard;
			sourceTree = "<group>";
		};
/* End PBXVariantGroup section */

/* Begin XCBuildConfiguration section */
		717C6F6320CE777200BD40EF /* Debug */ = {
			isa = XCBuildConfiguration;
			buildSettings = {
				ALWAYS_SEARCH_USER_PATHS = NO;
				CLANG_ANALYZER_NONNULL = YES;
				CLANG_ANALYZER_NUMBER_OBJECT_CONVERSION = YES_AGGRESSIVE;
				CLANG_CXX_LANGUAGE_STANDARD = "gnu++14";
				CLANG_CXX_LIBRARY = "libc++";
				CLANG_ENABLE_MODULES = YES;
				CLANG_ENABLE_OBJC_ARC = YES;
				CLANG_ENABLE_OBJC_WEAK = YES;
				CLANG_WARN_BLOCK_CAPTURE_AUTORELEASING = YES;
				CLANG_WARN_BOOL_CONVERSION = YES;
				CLANG_WARN_COMMA = YES;
				CLANG_WARN_CONSTANT_CONVERSION = YES;
				CLANG_WARN_DEPRECATED_OBJC_IMPLEMENTATIONS = YES;
				CLANG_WARN_DIRECT_OBJC_ISA_USAGE = YES_ERROR;
				CLANG_WARN_DOCUMENTATION_COMMENTS = YES;
				CLANG_WARN_EMPTY_BODY = YES;
				CLANG_WARN_ENUM_CONVERSION = YES;
				CLANG_WARN_INFINITE_RECURSION = YES;
				CLANG_WARN_INT_CONVERSION = YES;
				CLANG_WARN_NON_LITERAL_NULL_CONVERSION = YES;
				CLANG_WARN_OBJC_IMPLICIT_RETAIN_SELF = YES;
				CLANG_WARN_OBJC_LITERAL_CONVERSION = YES;
				CLANG_WARN_OBJC_ROOT_CLASS = YES_ERROR;
				CLANG_WARN_RANGE_LOOP_ANALYSIS = YES;
				CLANG_WARN_STRICT_PROTOTYPES = YES;
				CLANG_WARN_SUSPICIOUS_MOVE = YES;
				CLANG_WARN_UNGUARDED_AVAILABILITY = YES_AGGRESSIVE;
				CLANG_WARN_UNREACHABLE_CODE = YES;
				CLANG_WARN__DUPLICATE_METHOD_MATCH = YES;
				CODE_SIGN_IDENTITY = "iPhone Developer";
				COPY_PHASE_STRIP = NO;
				DEBUG_INFORMATION_FORMAT = dwarf;
				ENABLE_STRICT_OBJC_MSGSEND = YES;
				ENABLE_TESTABILITY = YES;
				GCC_C_LANGUAGE_STANDARD = gnu11;
				GCC_DYNAMIC_NO_PIC = NO;
				GCC_NO_COMMON_BLOCKS = YES;
				GCC_OPTIMIZATION_LEVEL = 0;
				GCC_PREPROCESSOR_DEFINITIONS = (
					"DEBUG=1",
					"$(inherited)",
				);
				GCC_WARN_64_TO_32_BIT_CONVERSION = YES;
				GCC_WARN_ABOUT_RETURN_TYPE = YES_ERROR;
				GCC_WARN_UNDECLARED_SELECTOR = YES;
				GCC_WARN_UNINITIALIZED_AUTOS = YES_AGGRESSIVE;
				GCC_WARN_UNUSED_FUNCTION = YES;
				GCC_WARN_UNUSED_VARIABLE = YES;
				IPHONEOS_DEPLOYMENT_TARGET = 11.3;
				MTL_ENABLE_DEBUG_INFO = YES;
				ONLY_ACTIVE_ARCH = YES;
				SDKROOT = iphoneos;
				SWIFT_ACTIVE_COMPILATION_CONDITIONS = DEBUG;
				SWIFT_OPTIMIZATION_LEVEL = "-Onone";
			};
			name = Debug;
		};
		717C6F6420CE777200BD40EF /* Release */ = {
			isa = XCBuildConfiguration;
			buildSettings = {
				ALWAYS_SEARCH_USER_PATHS = NO;
				CLANG_ANALYZER_NONNULL = YES;
				CLANG_ANALYZER_NUMBER_OBJECT_CONVERSION = YES_AGGRESSIVE;
				CLANG_CXX_LANGUAGE_STANDARD = "gnu++14";
				CLANG_CXX_LIBRARY = "libc++";
				CLANG_ENABLE_MODULES = YES;
				CLANG_ENABLE_OBJC_ARC = YES;
				CLANG_ENABLE_OBJC_WEAK = YES;
				CLANG_WARN_BLOCK_CAPTURE_AUTORELEASING = YES;
				CLANG_WARN_BOOL_CONVERSION = YES;
				CLANG_WARN_COMMA = YES;
				CLANG_WARN_CONSTANT_CONVERSION = YES;
				CLANG_WARN_DEPRECATED_OBJC_IMPLEMENTATIONS = YES;
				CLANG_WARN_DIRECT_OBJC_ISA_USAGE = YES_ERROR;
				CLANG_WARN_DOCUMENTATION_COMMENTS = YES;
				CLANG_WARN_EMPTY_BODY = YES;
				CLANG_WARN_ENUM_CONVERSION = YES;
				CLANG_WARN_INFINITE_RECURSION = YES;
				CLANG_WARN_INT_CONVERSION = YES;
				CLANG_WARN_NON_LITERAL_NULL_CONVERSION = YES;
				CLANG_WARN_OBJC_IMPLICIT_RETAIN_SELF = YES;
				CLANG_WARN_OBJC_LITERAL_CONVERSION = YES;
				CLANG_WARN_OBJC_ROOT_CLASS = YES_ERROR;
				CLANG_WARN_RANGE_LOOP_ANALYSIS = YES;
				CLANG_WARN_STRICT_PROTOTYPES = YES;
				CLANG_WARN_SUSPICIOUS_MOVE = YES;
				CLANG_WARN_UNGUARDED_AVAILABILITY = YES_AGGRESSIVE;
				CLANG_WARN_UNREACHABLE_CODE = YES;
				CLANG_WARN__DUPLICATE_METHOD_MATCH = YES;
				CODE_SIGN_IDENTITY = "iPhone Developer";
				COPY_PHASE_STRIP = NO;
				DEBUG_INFORMATION_FORMAT = "dwarf-with-dsym";
				ENABLE_NS_ASSERTIONS = NO;
				ENABLE_STRICT_OBJC_MSGSEND = YES;
				GCC_C_LANGUAGE_STANDARD = gnu11;
				GCC_NO_COMMON_BLOCKS = YES;
				GCC_WARN_64_TO_32_BIT_CONVERSION = YES;
				GCC_WARN_ABOUT_RETURN_TYPE = YES_ERROR;
				GCC_WARN_UNDECLARED_SELECTOR = YES;
				GCC_WARN_UNINITIALIZED_AUTOS = YES_AGGRESSIVE;
				GCC_WARN_UNUSED_FUNCTION = YES;
				GCC_WARN_UNUSED_VARIABLE = YES;
				IPHONEOS_DEPLOYMENT_TARGET = 11.3;
				MTL_ENABLE_DEBUG_INFO = NO;
				SDKROOT = iphoneos;
				SWIFT_COMPILATION_MODE = wholemodule;
				SWIFT_OPTIMIZATION_LEVEL = "-O";
				VALIDATE_PRODUCT = YES;
			};
			name = Release;
		};
		717C6F6620CE777200BD40EF /* Debug */ = {
			isa = XCBuildConfiguration;
			buildSettings = {
				ASSETCATALOG_COMPILER_APPICON_NAME = AppIcon;
				CODE_SIGN_STYLE = Automatic;
				INFOPLIST_FILE = "Image Recognizer/Info.plist";
				LD_RUNPATH_SEARCH_PATHS = (
					"$(inherited)",
					"@executable_path/Frameworks",
				);
				PRODUCT_BUNDLE_IDENTIFIER = "com.hrajkarnikar.Image-Recognizer";
				PRODUCT_NAME = "$(TARGET_NAME)";
				SWIFT_VERSION = 4.0;
				TARGETED_DEVICE_FAMILY = "1,2";
			};
			name = Debug;
		};
		717C6F6720CE777200BD40EF /* Release */ = {
			isa = XCBuildConfiguration;
			buildSettings = {
				ASSETCATALOG_COMPILER_APPICON_NAME = AppIcon;
				CODE_SIGN_STYLE = Automatic;
				INFOPLIST_FILE = "Image Recognizer/Info.plist";
				LD_RUNPATH_SEARCH_PATHS = (
					"$(inherited)",
					"@executable_path/Frameworks",
				);
				PRODUCT_BUNDLE_IDENTIFIER = "com.hrajkarnikar.Image-Recognizer";
				PRODUCT_NAME = "$(TARGET_NAME)";
				SWIFT_VERSION = 4.0;
				TARGETED_DEVICE_FAMILY = "1,2";
			};
			name = Release;
		};
/* End XCBuildConfiguration section */

/* Begin XCConfigurationList section */
		717C6F4E20CE777000BD40EF /* Build configuration list for PBXProject "Image Recognizer" */ = {
			isa = XCConfigurationList;
			buildConfigurations = (
				717C6F6320CE777200BD40EF /* Debug */,
				717C6F6420CE777200BD40EF /* Release */,
			);
			defaultConfigurationIsVisible = 0;
			defaultConfigurationName = Release;
		};
		717C6F6520CE777200BD40EF /* Build configuration list for PBXNativeTarget "Image Recognizer" */ = {
			isa = XCConfigurationList;
			buildConfigurations = (
				717C6F6620CE777200BD40EF /* Debug */,
				717C6F6720CE777200BD40EF /* Release */,
			);
			defaultConfigurationIsVisible = 0;
			defaultConfigurationName = Release;
		};
/* End XCConfigurationList section */
	};
	rootObject = 717C6F4B20CE777000BD40EF /* Project object */;
}
